
Microsoft Visual Studio Solution File, Format Version 12.00
# Visual Studio Version 16
VisualStudioVersion = 16.0.32802.440
MinimumVisualStudioVersion = 10.0.40219.1
Project("{FAE04EC0-301F-11D3-BF4B-00C04F79EFBC}") = "LeiaLadoQuadrado", "LeiaLadoQuadrado\LeiaLadoQuadrado.csproj", "{CBBB3CFC-5640-43BB-8B5F-ACE57A1C551A}"
EndProject
Global
	GlobalSection(SolutionConfigurationPlatforms) = preSolution
		Debug|Any CPU = Debug|Any CPU
		Release|Any CPU = Release|Any CPU
	EndGlobalSection
	GlobalSection(ProjectConfigurationPlatforms) = postSolution
		{CBBB3CFC-5640-43BB-8B5F-ACE57A1C551A}.Debug|Any CPU.ActiveCfg = Debug|Any CPU
		{CBBB3CFC-5640-43BB-8B5F-ACE57A1C551A}.Debug|Any CPU.Build.0 = Debug|Any CPU
		{CBBB3CFC-5640-43BB-8B5F-ACE57A1C551A}.Release|Any CPU.ActiveCfg = Release|Any CPU
		{CBBB3CFC-5640-43BB-8B5F-ACE57A1C551A}.Release|Any CPU.Build.0 = Release|Any CPU
	EndGlobalSection
	GlobalSection(SolutionProperties) = preSolution
		HideSolutionNode = FALSE
	EndGlobalSection
	GlobalSection(ExtensibilityGlobals) = postSolution
		SolutionGuid = {67C40A79-EC35-441C-9A79-9CCB2D2C778A}
	EndGlobalSection
EndGlobal
