
Microsoft Visual Studio Solution File, Format Version 12.00
# Visual Studio Version 16
VisualStudioVersion = 16.0.32802.440
MinimumVisualStudioVersion = 10.0.40219.1
Project("{FAE04EC0-301F-11D3-BF4B-00C04F79EFBC}") = "TypeByte", "TypeByte\TypeByte.csproj", "{226F898C-7CB1-45B6-922B-4794E17EFED5}"
EndProject
Project("{FAE04EC0-301F-11D3-BF4B-00C04F79EFBC}") = "ByteVetor", "..\ByteVetor\ByteVetor.csproj", "{B2963221-6A44-48C8-8B6F-57DB743610E0}"
EndProject
Global
	GlobalSection(SolutionConfigurationPlatforms) = preSolution
		Debug|Any CPU = Debug|Any CPU
		Release|Any CPU = Release|Any CPU
	EndGlobalSection
	GlobalSection(ProjectConfigurationPlatforms) = postSolution
		{226F898C-7CB1-45B6-922B-4794E17EFED5}.Debug|Any CPU.ActiveCfg = Debug|Any CPU
		{226F898C-7CB1-45B6-922B-4794E17EFED5}.Debug|Any CPU.Build.0 = Debug|Any CPU
		{226F898C-7CB1-45B6-922B-4794E17EFED5}.Release|Any CPU.ActiveCfg = Release|Any CPU
		{226F898C-7CB1-45B6-922B-4794E17EFED5}.Release|Any CPU.Build.0 = Release|Any CPU
		{B2963221-6A44-48C8-8B6F-57DB743610E0}.Debug|Any CPU.ActiveCfg = Debug|Any CPU
		{B2963221-6A44-48C8-8B6F-57DB743610E0}.Debug|Any CPU.Build.0 = Debug|Any CPU
		{B2963221-6A44-48C8-8B6F-57DB743610E0}.Release|Any CPU.ActiveCfg = Release|Any CPU
		{B2963221-6A44-48C8-8B6F-57DB743610E0}.Release|Any CPU.Build.0 = Release|Any CPU
	EndGlobalSection
	GlobalSection(SolutionProperties) = preSolution
		HideSolutionNode = FALSE
	EndGlobalSection
	GlobalSection(ExtensibilityGlobals) = postSolution
		SolutionGuid = {1ADE0C6A-6664-4F8A-BEDE-B7E9F5372BE3}
	EndGlobalSection
EndGlobal
